// !$*UTF8*$!
{
	archiveVersion = 1;
	classes = {
	};
	objectVersion = 55;
	objects = {

/* Begin PBXBuildFile section */
		185795F8289AC5E500B7DEB8 /* UsersApp.swift in Sources */ = {isa = PBXBuildFile; fileRef = 185795F7289AC5E500B7DEB8 /* UsersApp.swift */; };
		185795FA289AC5E500B7DEB8 /* ContentView.swift in Sources */ = {isa = PBXBuildFile; fileRef = 185795F9289AC5E500B7DEB8 /* ContentView.swift */; };
		185795FC289AC5E800B7DEB8 /* Assets.xcassets in Resources */ = {isa = PBXBuildFile; fileRef = 185795FB289AC5E800B7DEB8 /* Assets.xcassets */; };
		185795FF289AC5E800B7DEB8 /* Preview Assets.xcassets in Resources */ = {isa = PBXBuildFile; fileRef = 185795FE289AC5E800B7DEB8 /* Preview Assets.xcassets */; };
		18579607289AC66800B7DEB8 /* User.swift in Sources */ = {isa = PBXBuildFile; fileRef = 18579606289AC66800B7DEB8 /* User.swift */; };
		18579609289AC70600B7DEB8 /* Friend.swift in Sources */ = {isa = PBXBuildFile; fileRef = 18579608289AC70600B7DEB8 /* Friend.swift */; };
		1857960B289ACC8400B7DEB8 /* UsersView.swift in Sources */ = {isa = PBXBuildFile; fileRef = 1857960A289ACC8400B7DEB8 /* UsersView.swift */; };
		1857960E289ADFCD00B7DEB8 /* UserDetailView.swift in Sources */ = {isa = PBXBuildFile; fileRef = 1857960D289ADFCD00B7DEB8 /* UserDetailView.swift */; };
		18579612289C126300B7DEB8 /* UsersData.xcdatamodeld in Sources */ = {isa = PBXBuildFile; fileRef = 18579610289C126300B7DEB8 /* UsersData.xcdatamodeld */; };
		18579614289C151D00B7DEB8 /* DataControler.swift in Sources */ = {isa = PBXBuildFile; fileRef = 18579613289C151D00B7DEB8 /* DataControler.swift */; };
		18579619289C16AB00B7DEB8 /* CachedUser+CoreDataClass.swift in Sources */ = {isa = PBXBuildFile; fileRef = 18579615289C16AB00B7DEB8 /* CachedUser+CoreDataClass.swift */; };
		1857961A289C16AB00B7DEB8 /* CachedUser+CoreDataProperties.swift in Sources */ = {isa = PBXBuildFile; fileRef = 18579616289C16AB00B7DEB8 /* CachedUser+CoreDataProperties.swift */; };
		1857961B289C16AB00B7DEB8 /* CachedFriend+CoreDataClass.swift in Sources */ = {isa = PBXBuildFile; fileRef = 18579617289C16AB00B7DEB8 /* CachedFriend+CoreDataClass.swift */; };
		1857961C289C16AB00B7DEB8 /* CachedFriend+CoreDataProperties.swift in Sources */ = {isa = PBXBuildFile; fileRef = 18579618289C16AB00B7DEB8 /* CachedFriend+CoreDataProperties.swift */; };
/* End PBXBuildFile section */

/* Begin PBXFileReference section */
		185795F4289AC5E500B7DEB8 /* Users.app */ = {isa = PBXFileReference; explicitFileType = wrapper.application; includeInIndex = 0; path = Users.app; sourceTree = BUILT_PRODUCTS_DIR; };
		185795F7289AC5E500B7DEB8 /* UsersApp.swift */ = {isa = PBXFileReference; lastKnownFileType = sourcecode.swift; path = UsersApp.swift; sourceTree = "<group>"; };
		185795F9289AC5E500B7DEB8 /* ContentView.swift */ = {isa = PBXFileReference; lastKnownFileType = sourcecode.swift; path = ContentView.swift; sourceTree = "<group>"; };
		185795FB289AC5E800B7DEB8 /* Assets.xcassets */ = {isa = PBXFileReference; lastKnownFileType = folder.assetcatalog; path = Assets.xcassets; sourceTree = "<group>"; };
		185795FE289AC5E800B7DEB8 /* Preview Assets.xcassets */ = {isa = PBXFileReference; lastKnownFileType = folder.assetcatalog; path = "Preview Assets.xcassets"; sourceTree = "<group>"; };
		18579606289AC66800B7DEB8 /* User.swift */ = {isa = PBXFileReference; lastKnownFileType = sourcecode.swift; path = User.swift; sourceTree = "<group>"; };
		18579608289AC70600B7DEB8 /* Friend.swift */ = {isa = PBXFileReference; lastKnownFileType = sourcecode.swift; path = Friend.swift; sourceTree = "<group>"; };
		1857960A289ACC8400B7DEB8 /* UsersView.swift */ = {isa = PBXFileReference; lastKnownFileType = sourcecode.swift; path = UsersView.swift; sourceTree = "<group>"; };
		1857960D289ADFCD00B7DEB8 /* UserDetailView.swift */ = {isa = PBXFileReference; lastKnownFileType = sourcecode.swift; path = UserDetailView.swift; sourceTree = "<group>"; };
		18579611289C126300B7DEB8 /* UsersData.xcdatamodel */ = {isa = PBXFileReference; lastKnownFileType = wrapper.xcdatamodel; path = UsersData.xcdatamodel; sourceTree = "<group>"; };
		18579613289C151D00B7DEB8 /* DataControler.swift */ = {isa = PBXFileReference; lastKnownFileType = sourcecode.swift; path = DataControler.swift; sourceTree = "<group>"; };
		18579615289C16AB00B7DEB8 /* CachedUser+CoreDataClass.swift */ = {isa = PBXFileReference; lastKnownFileType = sourcecode.swift; path = "CachedUser+CoreDataClass.swift"; sourceTree = SOURCE_ROOT; };
		18579616289C16AB00B7DEB8 /* CachedUser+CoreDataProperties.swift */ = {isa = PBXFileReference; lastKnownFileType = sourcecode.swift; path = "CachedUser+CoreDataProperties.swift"; sourceTree = SOURCE_ROOT; };
		18579617289C16AB00B7DEB8 /* CachedFriend+CoreDataClass.swift */ = {isa = PBXFileReference; lastKnownFileType = sourcecode.swift; path = "CachedFriend+CoreDataClass.swift"; sourceTree = SOURCE_ROOT; };
		18579618289C16AB00B7DEB8 /* CachedFriend+CoreDataProperties.swift */ = {isa = PBXFileReference; lastKnownFileType = sourcecode.swift; path = "CachedFriend+CoreDataProperties.swift"; sourceTree = SOURCE_ROOT; };
/* End PBXFileReference section */

/* Begin PBXFrameworksBuildPhase section */
		185795F1289AC5E500B7DEB8 /* Frameworks */ = {
			isa = PBXFrameworksBuildPhase;
			buildActionMask = 2147483647;
			files = (
			);
			runOnlyForDeploymentPostprocessing = 0;
		};
/* End PBXFrameworksBuildPhase section */

/* Begin PBXGroup section */
		185795EB289AC5E500B7DEB8 = {
			isa = PBXGroup;
			children = (
				185795F6289AC5E500B7DEB8 /* Users */,
				185795F5289AC5E500B7DEB8 /* Products */,
			);
			sourceTree = "<group>";
		};
		185795F5289AC5E500B7DEB8 /* Products */ = {
			isa = PBXGroup;
			children = (
				185795F4289AC5E500B7DEB8 /* Users.app */,
			);
			name = Products;
			sourceTree = "<group>";
		};
		185795F6289AC5E500B7DEB8 /* Users */ = {
			isa = PBXGroup;
			children = (
				1857960F289C124200B7DEB8 /* CoreDataFile */,
				1857960C289ACC8B00B7DEB8 /* views */,
				18579605289AC65000B7DEB8 /* data */,
				185795F7289AC5E500B7DEB8 /* UsersApp.swift */,
				185795F9289AC5E500B7DEB8 /* ContentView.swift */,
				185795FB289AC5E800B7DEB8 /* Assets.xcassets */,
				185795FD289AC5E800B7DEB8 /* Preview Content */,
			);
			path = Users;
			sourceTree = "<group>";
		};
		185795FD289AC5E800B7DEB8 /* Preview Content */ = {
			isa = PBXGroup;
			children = (
				185795FE289AC5E800B7DEB8 /* Preview Assets.xcassets */,
			);
			path = "Preview Content";
			sourceTree = "<group>";
		};
		18579605289AC65000B7DEB8 /* data */ = {
			isa = PBXGroup;
			children = (
				18579606289AC66800B7DEB8 /* User.swift */,
				18579608289AC70600B7DEB8 /* Friend.swift */,
			);
			path = data;
			sourceTree = "<group>";
		};
		1857960C289ACC8B00B7DEB8 /* views */ = {
			isa = PBXGroup;
			children = (
				1857960A289ACC8400B7DEB8 /* UsersView.swift */,
				1857960D289ADFCD00B7DEB8 /* UserDetailView.swift */,
			);
			path = views;
			sourceTree = "<group>";
		};
		1857960F289C124200B7DEB8 /* CoreDataFile */ = {
			isa = PBXGroup;
			children = (
				18579615289C16AB00B7DEB8 /* CachedUser+CoreDataClass.swift */,
				18579616289C16AB00B7DEB8 /* CachedUser+CoreDataProperties.swift */,
				18579617289C16AB00B7DEB8 /* CachedFriend+CoreDataClass.swift */,
				18579618289C16AB00B7DEB8 /* CachedFriend+CoreDataProperties.swift */,
				18579610289C126300B7DEB8 /* UsersData.xcdatamodeld */,
				18579613289C151D00B7DEB8 /* DataControler.swift */,
			);
			path = CoreDataFile;
			sourceTree = "<group>";
		};
/* End PBXGroup section */

/* Begin PBXNativeTarget section */
		185795F3289AC5E500B7DEB8 /* Users */ = {
			isa = PBXNativeTarget;
			buildConfigurationList = 18579602289AC5E800B7DEB8 /* Build configuration list for PBXNativeTarget "Users" */;
			buildPhases = (
				185795F0289AC5E500B7DEB8 /* Sources */,
				185795F1289AC5E500B7DEB8 /* Frameworks */,
				185795F2289AC5E500B7DEB8 /* Resources */,
			);
			buildRules = (
			);
			dependencies = (
			);
			name = Users;
			productName = Users;
			productReference = 185795F4289AC5E500B7DEB8 /* Users.app */;
			productType = "com.apple.product-type.application";
		};
/* End PBXNativeTarget section */

/* Begin PBXProject section */
		185795EC289AC5E500B7DEB8 /* Project object */ = {
			isa = PBXProject;
			attributes = {
				BuildIndependentTargetsInParallel = 1;
				LastSwiftUpdateCheck = 1340;
				LastUpgradeCheck = 1340;
				TargetAttributes = {
					185795F3289AC5E500B7DEB8 = {
						CreatedOnToolsVersion = 13.4.1;
					};
				};
			};
			buildConfigurationList = 185795EF289AC5E500B7DEB8 /* Build configuration list for PBXProject "Users" */;
			compatibilityVersion = "Xcode 13.0";
			developmentRegion = en;
			hasScannedForEncodings = 0;
			knownRegions = (
				en,
				Base,
			);
			mainGroup = 185795EB289AC5E500B7DEB8;
			productRefGroup = 185795F5289AC5E500B7DEB8 /* Products */;
			projectDirPath = "";
			projectRoot = "";
			targets = (
				185795F3289AC5E500B7DEB8 /* Users */,
			);
		};
/* End PBXProject section */

/* Begin PBXResourcesBuildPhase section */
		185795F2289AC5E500B7DEB8 /* Resources */ = {
			isa = PBXResourcesBuildPhase;
			buildActionMask = 2147483647;
			files = (
				185795FF289AC5E800B7DEB8 /* Preview Assets.xcassets in Resources */,
				185795FC289AC5E800B7DEB8 /* Assets.xcassets in Resources */,
			);
			runOnlyForDeploymentPostprocessing = 0;
		};
/* End PBXResourcesBuildPhase section */

/* Begin PBXSourcesBuildPhase section */
		185795F0289AC5E500B7DEB8 /* Sources */ = {
			isa = PBXSourcesBuildPhase;
			buildActionMask = 2147483647;
			files = (
				18579614289C151D00B7DEB8 /* DataControler.swift in Sources */,
				1857960B289ACC8400B7DEB8 /* UsersView.swift in Sources */,
				1857961A289C16AB00B7DEB8 /* CachedUser+CoreDataProperties.swift in Sources */,
				185795FA289AC5E500B7DEB8 /* ContentView.swift in Sources */,
				185795F8289AC5E500B7DEB8 /* UsersApp.swift in Sources */,
				18579619289C16AB00B7DEB8 /* CachedUser+CoreDataClass.swift in Sources */,
				18579607289AC66800B7DEB8 /* User.swift in Sources */,
				1857961C289C16AB00B7DEB8 /* CachedFriend+CoreDataProperties.swift in Sources */,
				1857960E289ADFCD00B7DEB8 /* UserDetailView.swift in Sources */,
				1857961B289C16AB00B7DEB8 /* CachedFriend+CoreDataClass.swift in Sources */,
				18579612289C126300B7DEB8 /* UsersData.xcdatamodeld in Sources */,
				18579609289AC70600B7DEB8 /* Friend.swift in Sources */,
			);
			runOnlyForDeploymentPostprocessing = 0;
		};
/* End PBXSourcesBuildPhase section */

/* Begin XCBuildConfiguration section */
		18579600289AC5E800B7DEB8 /* Debug */ = {
			isa = XCBuildConfiguration;
			buildSettings = {
				ALWAYS_SEARCH_USER_PATHS = NO;
				CLANG_ANALYZER_NONNULL = YES;
				CLANG_ANALYZER_NUMBER_OBJECT_CONVERSION = YES_AGGRESSIVE;
				CLANG_CXX_LANGUAGE_STANDARD = "gnu++17";
				CLANG_ENABLE_MODULES = YES;
				CLANG_ENABLE_OBJC_ARC = YES;
				CLANG_ENABLE_OBJC_WEAK = YES;
				CLANG_WARN_BLOCK_CAPTURE_AUTORELEASING = YES;
				CLANG_WARN_BOOL_CONVERSION = YES;
				CLANG_WARN_COMMA = YES;
				CLANG_WARN_CONSTANT_CONVERSION = YES;
				CLANG_WARN_DEPRECATED_OBJC_IMPLEMENTATIONS = YES;
				CLANG_WARN_DIRECT_OBJC_ISA_USAGE = YES_ERROR;
				CLANG_WARN_DOCUMENTATION_COMMENTS = YES;
				CLANG_WARN_EMPTY_BODY = YES;
				CLANG_WARN_ENUM_CONVERSION = YES;
				CLANG_WARN_INFINITE_RECURSION = YES;
				CLANG_WARN_INT_CONVERSION = YES;
				CLANG_WARN_NON_LITERAL_NULL_CONVERSION = YES;
				CLANG_WARN_OBJC_IMPLICIT_RETAIN_SELF = YES;
				CLANG_WARN_OBJC_LITERAL_CONVERSION = YES;
				CLANG_WARN_OBJC_ROOT_CLASS = YES_ERROR;
				CLANG_WARN_QUOTED_INCLUDE_IN_FRAMEWORK_HEADER = YES;
				CLANG_WARN_RANGE_LOOP_ANALYSIS = YES;
				CLANG_WARN_STRICT_PROTOTYPES = YES;
				CLANG_WARN_SUSPICIOUS_MOVE = YES;
				CLANG_WARN_UNGUARDED_AVAILABILITY = YES_AGGRESSIVE;
				CLANG_WARN_UNREACHABLE_CODE = YES;
				CLANG_WARN__DUPLICATE_METHOD_MATCH = YES;
				COPY_PHASE_STRIP = NO;
				DEBUG_INFORMATION_FORMAT = dwarf;
				ENABLE_STRICT_OBJC_MSGSEND = YES;
				ENABLE_TESTABILITY = YES;
				GCC_C_LANGUAGE_STANDARD = gnu11;
				GCC_DYNAMIC_NO_PIC = NO;
				GCC_NO_COMMON_BLOCKS = YES;
				GCC_OPTIMIZATION_LEVEL = 0;
				GCC_PREPROCESSOR_DEFINITIONS = (
					"DEBUG=1",
					"$(inherited)",
				);
				GCC_WARN_64_TO_32_BIT_CONVERSION = YES;
				GCC_WARN_ABOUT_RETURN_TYPE = YES_ERROR;
				GCC_WARN_UNDECLARED_SELECTOR = YES;
				GCC_WARN_UNINITIALIZED_AUTOS = YES_AGGRESSIVE;
				GCC_WARN_UNUSED_FUNCTION = YES;
				GCC_WARN_UNUSED_VARIABLE = YES;
				IPHONEOS_DEPLOYMENT_TARGET = 15.5;
				MTL_ENABLE_DEBUG_INFO = INCLUDE_SOURCE;
				MTL_FAST_MATH = YES;
				ONLY_ACTIVE_ARCH = YES;
				SDKROOT = iphoneos;
				SWIFT_ACTIVE_COMPILATION_CONDITIONS = DEBUG;
				SWIFT_OPTIMIZATION_LEVEL = "-Onone";
			};
			name = Debug;
		};
		18579601289AC5E800B7DEB8 /* Release */ = {
			isa = XCBuildConfiguration;
			buildSettings = {
				ALWAYS_SEARCH_USER_PATHS = NO;
				CLANG_ANALYZER_NONNULL = YES;
				CLANG_ANALYZER_NUMBER_OBJECT_CONVERSION = YES_AGGRESSIVE;
				CLANG_CXX_LANGUAGE_STANDARD = "gnu++17";
				CLANG_ENABLE_MODULES = YES;
				CLANG_ENABLE_OBJC_ARC = YES;
				CLANG_ENABLE_OBJC_WEAK = YES;
				CLANG_WARN_BLOCK_CAPTURE_AUTORELEASING = YES;
				CLANG_WARN_BOOL_CONVERSION = YES;
				CLANG_WARN_COMMA = YES;
				CLANG_WARN_CONSTANT_CONVERSION = YES;
				CLANG_WARN_DEPRECATED_OBJC_IMPLEMENTATIONS = YES;
				CLANG_WARN_DIRECT_OBJC_ISA_USAGE = YES_ERROR;
				CLANG_WARN_DOCUMENTATION_COMMENTS = YES;
				CLANG_WARN_EMPTY_BODY = YES;
				CLANG_WARN_ENUM_CONVERSION = YES;
				CLANG_WARN_INFINITE_RECURSION = YES;
				CLANG_WARN_INT_CONVERSION = YES;
				CLANG_WARN_NON_LITERAL_NULL_CONVERSION = YES;
				CLANG_WARN_OBJC_IMPLICIT_RETAIN_SELF = YES;
				CLANG_WARN_OBJC_LITERAL_CONVERSION = YES;
				CLANG_WARN_OBJC_ROOT_CLASS = YES_ERROR;
				CLANG_WARN_QUOTED_INCLUDE_IN_FRAMEWORK_HEADER = YES;
				CLANG_WARN_RANGE_LOOP_ANALYSIS = YES;
				CLANG_WARN_STRICT_PROTOTYPES = YES;
				CLANG_WARN_SUSPICIOUS_MOVE = YES;
				CLANG_WARN_UNGUARDED_AVAILABILITY = YES_AGGRESSIVE;
				CLANG_WARN_UNREACHABLE_CODE = YES;
				CLANG_WARN__DUPLICATE_METHOD_MATCH = YES;
				COPY_PHASE_STRIP = NO;
				DEBUG_INFORMATION_FORMAT = "dwarf-with-dsym";
				ENABLE_NS_ASSERTIONS = NO;
				ENABLE_STRICT_OBJC_MSGSEND = YES;
				GCC_C_LANGUAGE_STANDARD = gnu11;
				GCC_NO_COMMON_BLOCKS = YES;
				GCC_WARN_64_TO_32_BIT_CONVERSION = YES;
				GCC_WARN_ABOUT_RETURN_TYPE = YES_ERROR;
				GCC_WARN_UNDECLARED_SELECTOR = YES;
				GCC_WARN_UNINITIALIZED_AUTOS = YES_AGGRESSIVE;
				GCC_WARN_UNUSED_FUNCTION = YES;
				GCC_WARN_UNUSED_VARIABLE = YES;
				IPHONEOS_DEPLOYMENT_TARGET = 15.5;
				MTL_ENABLE_DEBUG_INFO = NO;
				MTL_FAST_MATH = YES;
				SDKROOT = iphoneos;
				SWIFT_COMPILATION_MODE = wholemodule;
				SWIFT_OPTIMIZATION_LEVEL = "-O";
				VALIDATE_PRODUCT = YES;
			};
			name = Release;
		};
		18579603289AC5E800B7DEB8 /* Debug */ = {
			isa = XCBuildConfiguration;
			buildSettings = {
				ASSETCATALOG_COMPILER_APPICON_NAME = AppIcon;
				ASSETCATALOG_COMPILER_GLOBAL_ACCENT_COLOR_NAME = AccentColor;
				CODE_SIGN_STYLE = Automatic;
				CURRENT_PROJECT_VERSION = 1;
				DEVELOPMENT_ASSET_PATHS = "\"Users/Preview Content\"";
				DEVELOPMENT_TEAM = N89SVX78VR;
				ENABLE_PREVIEWS = YES;
				GENERATE_INFOPLIST_FILE = YES;
				INFOPLIST_KEY_UIApplicationSceneManifest_Generation = YES;
				INFOPLIST_KEY_UIApplicationSupportsIndirectInputEvents = YES;
				INFOPLIST_KEY_UILaunchScreen_Generation = YES;
				INFOPLIST_KEY_UISupportedInterfaceOrientations_iPad = "UIInterfaceOrientationPortrait UIInterfaceOrientationPortraitUpsideDown UIInterfaceOrientationLandscapeLeft UIInterfaceOrientationLandscapeRight";
				INFOPLIST_KEY_UISupportedInterfaceOrientations_iPhone = "UIInterfaceOrientationPortrait UIInterfaceOrientationLandscapeLeft UIInterfaceOrientationLandscapeRight";
				LD_RUNPATH_SEARCH_PATHS = (
					"$(inherited)",
					"@executable_path/Frameworks",
				);
				MARKETING_VERSION = 1.0;
				PRODUCT_BUNDLE_IDENTIFIER = com.beto.Users;
				PRODUCT_NAME = "$(TARGET_NAME)";
				SWIFT_EMIT_LOC_STRINGS = YES;
				SWIFT_VERSION = 5.0;
				TARGETED_DEVICE_FAMILY = "1,2";
			};
			name = Debug;
		};
		18579604289AC5E800B7DEB8 /* Release */ = {
			isa = XCBuildConfiguration;
			buildSettings = {
				ASSETCATALOG_COMPILER_APPICON_NAME = AppIcon;
				ASSETCATALOG_COMPILER_GLOBAL_ACCENT_COLOR_NAME = AccentColor;
				CODE_SIGN_STYLE = Automatic;
				CURRENT_PROJECT_VERSION = 1;
				DEVELOPMENT_ASSET_PATHS = "\"Users/Preview Content\"";
				DEVELOPMENT_TEAM = N89SVX78VR;
				ENABLE_PREVIEWS = YES;
				GENERATE_INFOPLIST_FILE = YES;
				INFOPLIST_KEY_UIApplicationSceneManifest_Generation = YES;
				INFOPLIST_KEY_UIApplicationSupportsIndirectInputEvents = YES;
				INFOPLIST_KEY_UILaunchScreen_Generation = YES;
				INFOPLIST_KEY_UISupportedInterfaceOrientations_iPad = "UIInterfaceOrientationPortrait UIInterfaceOrientationPortraitUpsideDown UIInterfaceOrientationLandscapeLeft UIInterfaceOrientationLandscapeRight";
				INFOPLIST_KEY_UISupportedInterfaceOrientations_iPhone = "UIInterfaceOrientationPortrait UIInterfaceOrientationLandscapeLeft UIInterfaceOrientationLandscapeRight";
				LD_RUNPATH_SEARCH_PATHS = (
					"$(inherited)",
					"@executable_path/Frameworks",
				);
				MARKETING_VERSION = 1.0;
				PRODUCT_BUNDLE_IDENTIFIER = com.beto.Users;
				PRODUCT_NAME = "$(TARGET_NAME)";
				SWIFT_EMIT_LOC_STRINGS = YES;
				SWIFT_VERSION = 5.0;
				TARGETED_DEVICE_FAMILY = "1,2";
			};
			name = Release;
		};
/* End XCBuildConfiguration section */

/* Begin XCConfigurationList section */
		185795EF289AC5E500B7DEB8 /* Build configuration list for PBXProject "Users" */ = {
			isa = XCConfigurationList;
			buildConfigurations = (
				18579600289AC5E800B7DEB8 /* Debug */,
				18579601289AC5E800B7DEB8 /* Release */,
			);
			defaultConfigurationIsVisible = 0;
			defaultConfigurationName = Release;
		};
		18579602289AC5E800B7DEB8 /* Build configuration list for PBXNativeTarget "Users" */ = {
			isa = XCConfigurationList;
			buildConfigurations = (
				18579603289AC5E800B7DEB8 /* Debug */,
				18579604289AC5E800B7DEB8 /* Release */,
			);
			defaultConfigurationIsVisible = 0;
			defaultConfigurationName = Release;
		};
/* End XCConfigurationList section */

/* Begin XCVersionGroup section */
		18579610289C126300B7DEB8 /* UsersData.xcdatamodeld */ = {
			isa = XCVersionGroup;
			children = (
				18579611289C126300B7DEB8 /* UsersData.xcdatamodel */,
			);
			currentVersion = 18579611289C126300B7DEB8 /* UsersData.xcdatamodel */;
			path = UsersData.xcdatamodeld;
			sourceTree = "<group>";
			versionGroupType = wrapper.xcdatamodel;
		};
/* End XCVersionGroup section */
	};
	rootObject = 185795EC289AC5E500B7DEB8 /* Project object */;
}
